{
  "projects": [
    {
      "projectId": "xdSnfxWCziyzb8tBiGitqa",
      "version": "latest",
      "dependencies": {},
      "lang": "ts",
      "fileLocks": [
        {
          "type": "globalVariant",
          "assetId": "F-KkpFIKCuog",
          "checksum": "d2ae66fee653f43058ded5e05d368a98"
        },
        {
          "type": "renderModule",
          "assetId": "7MDU0cvaiUk7",
          "checksum": "21842d6feacb98f7fba649723602449d"
        },
        {
          "type": "cssRules",
          "assetId": "7MDU0cvaiUk7",
          "checksum": "21842d6feacb98f7fba649723602449d"
        },
        {
          "type": "renderModule",
          "assetId": "oE_8Qzvao0GQ",
          "checksum": "190381886d7aa06289ff3efaf0c5cfac"
        },
        {
          "type": "cssRules",
          "assetId": "oE_8Qzvao0GQ",
          "checksum": "190381886d7aa06289ff3efaf0c5cfac"
        },
        {
          "type": "renderModule",
          "assetId": "3pqoTJs_Sosu",
          "checksum": "3f6fccb2cd3760b035c93832944636ec"
        },
        {
          "type": "cssRules",
          "assetId": "3pqoTJs_Sosu",
          "checksum": "3f6fccb2cd3760b035c93832944636ec"
        },
        {
          "type": "renderModule",
          "assetId": "cTUv7R2uelNJ",
          "checksum": "bd17dd140a36f940c3042b4655a0bc84"
        },
        {
          "type": "cssRules",
          "assetId": "cTUv7R2uelNJ",
          "checksum": "bd17dd140a36f940c3042b4655a0bc84"
        },
        {
          "type": "renderModule",
          "assetId": "ILa2cLxyoTg0",
          "checksum": "09979bd0091fa8467acea0269b601ea0"
        },
        {
          "type": "cssRules",
          "assetId": "ILa2cLxyoTg0",
          "checksum": "09979bd0091fa8467acea0269b601ea0"
        },
        {
          "type": "renderModule",
          "assetId": "gQsAiY6bIFOZ",
          "checksum": "9e795b5fb9dcdf68f8097c66d0668317"
        },
        {
          "type": "cssRules",
          "assetId": "gQsAiY6bIFOZ",
          "checksum": "9e795b5fb9dcdf68f8097c66d0668317"
        },
        {
          "type": "renderModule",
          "assetId": "JGXUTtU5D6Eq",
          "checksum": "04a719d40a2ff8868996bfb840895cb2"
        },
        {
          "type": "cssRules",
          "assetId": "JGXUTtU5D6Eq",
          "checksum": "04a719d40a2ff8868996bfb840895cb2"
        },
        {
          "type": "renderModule",
          "assetId": "KUO-qHyTvy97",
          "checksum": "977a972f0f0abdf9d955192dc3417c4d"
        },
        {
          "type": "cssRules",
          "assetId": "KUO-qHyTvy97",
          "checksum": "977a972f0f0abdf9d955192dc3417c4d"
        },
        {
          "type": "renderModule",
          "assetId": "XC-0mAT2Chwv",
          "checksum": "76c58e452fd6530147217593aeba0ebb"
        },
        {
          "type": "cssRules",
          "assetId": "XC-0mAT2Chwv",
          "checksum": "76c58e452fd6530147217593aeba0ebb"
        },
        {
          "type": "renderModule",
          "assetId": "TjWE54Gs_7oW",
          "checksum": "68aed4894dcbace2f754c6b9cb75db46"
        },
        {
          "type": "cssRules",
          "assetId": "TjWE54Gs_7oW",
          "checksum": "68aed4894dcbace2f754c6b9cb75db46"
        },
        {
          "type": "renderModule",
          "assetId": "I5LTwhtpH7uf",
          "checksum": "3ba9c9411c91c7cb74f22abb1e5eecb3"
        },
        {
          "type": "cssRules",
          "assetId": "I5LTwhtpH7uf",
          "checksum": "3ba9c9411c91c7cb74f22abb1e5eecb3"
        },
        {
          "type": "renderModule",
          "assetId": "_-jhWe0TwpxJ",
          "checksum": "227fb7177056c0207f4a3c0f4fac62f4"
        },
        {
          "type": "cssRules",
          "assetId": "_-jhWe0TwpxJ",
          "checksum": "227fb7177056c0207f4a3c0f4fac62f4"
        },
        {
          "type": "renderModule",
          "assetId": "p-2o_pYCpf4T",
          "checksum": "9b2af615e9ff51940adc681f6a65b553"
        },
        {
          "type": "cssRules",
          "assetId": "p-2o_pYCpf4T",
          "checksum": "9b2af615e9ff51940adc681f6a65b553"
        },
        {
          "type": "renderModule",
          "assetId": "bPsGEjQSDQD0",
          "checksum": "9d488d24740711cb5cc843e60c621e61"
        },
        {
          "type": "cssRules",
          "assetId": "bPsGEjQSDQD0",
          "checksum": "9d488d24740711cb5cc843e60c621e61"
        },
        {
          "type": "renderModule",
          "assetId": "MdG23ORLiPQo",
          "checksum": "22fc7022c143121223b57d62323f7f03"
        },
        {
          "type": "cssRules",
          "assetId": "MdG23ORLiPQo",
          "checksum": "22fc7022c143121223b57d62323f7f03"
        },
        {
          "type": "renderModule",
          "assetId": "wQ933wtsetKM",
          "checksum": "95b54325d21a54677e2ccbde88dbf145"
        },
        {
          "type": "cssRules",
          "assetId": "wQ933wtsetKM",
          "checksum": "95b54325d21a54677e2ccbde88dbf145"
        },
        {
          "type": "renderModule",
          "assetId": "wTuiZggGXl-D",
          "checksum": "702311c06e09982f86bbdc9def1bfa7c"
        },
        {
          "type": "cssRules",
          "assetId": "wTuiZggGXl-D",
          "checksum": "702311c06e09982f86bbdc9def1bfa7c"
        },
        {
          "type": "renderModule",
          "assetId": "CFD5al1x8pOU",
          "checksum": "2cbb8c204a1e6b433619954cca520109"
        },
        {
          "type": "cssRules",
          "assetId": "CFD5al1x8pOU",
          "checksum": "2cbb8c204a1e6b433619954cca520109"
        },
        {
          "type": "image",
          "assetId": "IwDLmWnwjXO5",
          "checksum": "0e568746950aee4b14ba55b5db6078d2"
        },
        {
          "type": "image",
          "assetId": "mX55uiPgGx7Y",
          "checksum": "2b698984951d11035528509fbafccb36"
        },
        {
          "type": "image",
          "assetId": "m4naU_LJ8iVk",
          "checksum": "b32e23a8786b7ee339806052e9f35f1c"
        },
        {
          "type": "image",
          "assetId": "JzXDX4ugIpBt",
          "checksum": "bdc54f8ab5cc5cb127447ecb68a70d34"
        },
        {
          "type": "image",
          "assetId": "ITYJBS9frWDR",
          "checksum": "0e81f9c130d487d12dc004270ccb75ac"
        },
        {
          "type": "image",
          "assetId": "0P4lwVnms97C",
          "checksum": "60ba9503af63f6ef08ca212c372f086a"
        },
        {
          "type": "renderModule",
          "assetId": "p3a1HfRCrQ1",
          "checksum": "e193c5f12d719a8c7dd373a4b2be1069"
        },
        {
          "type": "cssRules",
          "assetId": "p3a1HfRCrQ1",
          "checksum": "e193c5f12d719a8c7dd373a4b2be1069"
        },
        {
          "type": "renderModule",
          "assetId": "ZPtvWtdss9",
          "checksum": "9bc37f23ba2ffc961ae70b6eb6e37fbe"
        },
        {
          "type": "cssRules",
          "assetId": "ZPtvWtdss9",
          "checksum": "9bc37f23ba2ffc961ae70b6eb6e37fbe"
        },
        {
          "type": "renderModule",
          "assetId": "Uev3p9VZayM",
          "checksum": "146507516bc3080add96dfa579e19aa2"
        },
        {
          "type": "cssRules",
          "assetId": "Uev3p9VZayM",
          "checksum": "146507516bc3080add96dfa579e19aa2"
        },
        {
          "type": "renderModule",
          "assetId": "TXm06OyomR",
          "checksum": "2b5f31240ebcfba9629c70e91263a497"
        },
        {
          "type": "cssRules",
          "assetId": "TXm06OyomR",
          "checksum": "2b5f31240ebcfba9629c70e91263a497"
        },
        {
          "type": "renderModule",
          "assetId": "wfDe24iI-Nf",
          "checksum": "5e69968fc6e87bd340356e48943508bf"
        },
        {
          "type": "cssRules",
          "assetId": "wfDe24iI-Nf",
          "checksum": "5e69968fc6e87bd340356e48943508bf"
        },
        {
          "type": "renderModule",
          "assetId": "7aFEpfg1e-",
          "checksum": "614abf2ab2d9850a489e1b244637735f"
        },
        {
          "type": "cssRules",
          "assetId": "7aFEpfg1e-",
          "checksum": "614abf2ab2d9850a489e1b244637735f"
        },
        {
          "type": "icon",
          "assetId": "yD18I_eEzZ3x",
          "checksum": "dbb0fcc29df32b2d6821cbdd8eb0f0e8"
        },
        {
          "type": "icon",
          "assetId": "ww9gPs7WhSQI",
          "checksum": "c86c7d15928ca2b18300cc67a7f90e4a"
        },
        {
          "type": "icon",
          "assetId": "ams_jLpuumes",
          "checksum": "c709d3dd90923d142e3cc3b5f2fcd15c"
        },
        {
          "type": "icon",
          "assetId": "XGEWJsAsZQXH",
          "checksum": "4f3184c34a7d72b4b7901e362a8c93f1"
        },
        {
          "type": "icon",
          "assetId": "ZHsGtcpBsGnf",
          "checksum": "a748590b963b5b73aaf8038ba2bbfa80"
        },
        {
          "assetId": "xdSnfxWCziyzb8tBiGitqa",
          "type": "projectCss",
          "checksum": "44db920e1afdee0c7f3df40afa33f3af"
        },
        {
          "type": "renderModule",
          "assetId": "v5XTG1rwiH",
          "checksum": "a1aed8ffdeda163a46a7607bf9c4f4fe"
        },
        {
          "type": "cssRules",
          "assetId": "v5XTG1rwiH",
          "checksum": "a1aed8ffdeda163a46a7607bf9c4f4fe"
        },
        {
          "type": "renderModule",
          "assetId": "65sYWpc3XrI",
          "checksum": "891f0d19689c1494d83127236eaa7d47"
        },
        {
          "type": "cssRules",
          "assetId": "65sYWpc3XrI",
          "checksum": "891f0d19689c1494d83127236eaa7d47"
        },
        {
          "type": "renderModule",
          "assetId": "TCjH0W7XCS",
          "checksum": "5179b3d9d0e9521dd0d6f623e2f1bb57"
        },
        {
          "type": "cssRules",
          "assetId": "TCjH0W7XCS",
          "checksum": "5179b3d9d0e9521dd0d6f623e2f1bb57"
        },
        {
          "type": "renderModule",
          "assetId": "NSc17XI_uh",
          "checksum": "a4b26f0c76c344843729bd3057a27e3b"
        },
        {
          "type": "cssRules",
          "assetId": "NSc17XI_uh",
          "checksum": "a4b26f0c76c344843729bd3057a27e3b"
        },
        {
          "type": "renderModule",
          "assetId": "ZY2_lRDBfym",
          "checksum": "94a46b8fce3a52fc191d1499dfee3c68"
        },
        {
          "type": "cssRules",
          "assetId": "ZY2_lRDBfym",
          "checksum": "94a46b8fce3a52fc191d1499dfee3c68"
        },
        {
          "type": "renderModule",
          "assetId": "8XFSOb_fdhz",
          "checksum": "f5d9f56257a3bd447e1f37b20ec6aee7"
        },
        {
          "type": "cssRules",
          "assetId": "8XFSOb_fdhz",
          "checksum": "f5d9f56257a3bd447e1f37b20ec6aee7"
        },
        {
          "type": "renderModule",
          "assetId": "u-hfTCv0IT",
          "checksum": "6d14084baec10794d9973843f8d9cc2d"
        },
        {
          "type": "cssRules",
          "assetId": "u-hfTCv0IT",
          "checksum": "6d14084baec10794d9973843f8d9cc2d"
        },
        {
          "type": "renderModule",
          "assetId": "iHDVMRGn6s",
          "checksum": "99c9ff08b6b74dedc0078396aabc3327"
        },
        {
          "type": "cssRules",
          "assetId": "iHDVMRGn6s",
          "checksum": "99c9ff08b6b74dedc0078396aabc3327"
        },
        {
          "type": "renderModule",
          "assetId": "OBeI1cWkLth",
          "checksum": "7520dfa3b3084d00550570d9c7c8be1b"
        },
        {
          "type": "cssRules",
          "assetId": "OBeI1cWkLth",
          "checksum": "7520dfa3b3084d00550570d9c7c8be1b"
        },
        {
          "type": "icon",
          "assetId": "un1KrORrRr",
          "checksum": "604aae4a8cc5602a3fbcd01b5bb760ab"
        },
        {
          "type": "icon",
          "assetId": "ZCe7IWOTk5",
          "checksum": "ffef918153bc49dc2661eec30cfbfc2e"
        },
        {
          "type": "icon",
          "assetId": "SrcgCiUQX2L",
          "checksum": "2e9ff5136d4c114031e6c118fe59336f"
        },
        {
          "type": "icon",
          "assetId": "1mJJX8kJknM",
          "checksum": "f1613c039eefc7eaaf5d79dcf91c7bdd"
        },
        {
          "type": "icon",
          "assetId": "sohnyY4ZzCc",
          "checksum": "93cfa62014dcfa0dfe34c9e46857a659"
        },
        {
          "type": "icon",
          "assetId": "dh5j-mezk7e",
          "checksum": "5d131442afb94de383d9afb76b762208"
        },
        {
          "type": "icon",
          "assetId": "mFVTXyo8nA2",
          "checksum": "787302aa6438adf162cd250569164e72"
        },
        {
          "type": "icon",
          "assetId": "9XeCl2qUNE-",
          "checksum": "273bdf3f95a5442d61ef62ec7de34c9d"
        },
        {
          "type": "icon",
          "assetId": "3epNxMaLGWR",
          "checksum": "348ff646e164581586156da14ee9804e"
        },
        {
          "type": "icon",
          "assetId": "RoP54Ojdan1",
          "checksum": "5b552552e8d76693c8a8d4b03997a962"
        },
        {
          "type": "icon",
          "assetId": "Aprn1Sf2ty",
          "checksum": "ff95d3bc59c76e2ab4c844258f696d31"
        },
        {
          "type": "icon",
          "assetId": "wnkBG4x777",
          "checksum": "acae2e2199c521ef24fdf0eeda02c174"
        },
        {
          "type": "icon",
          "assetId": "GZDWO54jRE",
          "checksum": "32ff9323994b22fd19a3a785f8fa80b8"
        },
        {
          "type": "icon",
          "assetId": "i5Uv0u0VyHT",
          "checksum": "b84a9716c9d357087fda864573aa19d2"
        },
        {
          "type": "icon",
          "assetId": "QEFYuz0ULWC",
          "checksum": "85b1a5a6e369c7de32e18a8d3fac5a09"
        },
        {
          "type": "icon",
          "assetId": "h0O5OQ-QEaD",
          "checksum": "3a6c4091161df1c3f3d877cf01a705ae"
        },
        {
          "type": "icon",
          "assetId": "pcYbXYOH8go",
          "checksum": "89d43be6c17b3061a22fb566d4a195ae"
        },
        {
          "type": "icon",
          "assetId": "nri34yGUzn",
          "checksum": "18fd96514ca29bcd3946fbf965af7cca"
        },
        {
          "type": "icon",
          "assetId": "MkKCu9eRrPT",
          "checksum": "8a55c5c1b862b4d8494ff1320f0177f5"
        },
        {
          "type": "icon",
          "assetId": "8yStmcR6aRk",
          "checksum": "47a998e5fce0aaaa60d55757c0b90220"
        },
        {
          "type": "icon",
          "assetId": "6MmU0D3QmwB",
          "checksum": "11c09d5ff750c36d3c00d03e2830f04c"
        },
        {
          "type": "icon",
          "assetId": "fHjhfZsSDH7",
          "checksum": "cbba51eb1fab3b903bea8460aa7ad530"
        },
        {
          "type": "icon",
          "assetId": "AuhCPDFxjfa",
          "checksum": "3b3304e829d3f339156cf0ae42e0d460"
        },
        {
          "type": "icon",
          "assetId": "Rl11WbRpAZF",
          "checksum": "a28034ef36a002e0c765ccceec865a05"
        },
        {
          "type": "icon",
          "assetId": "zwsKmdjnec2L",
          "checksum": "aefb7f251809cde03ccca61494f316d0"
        },
        {
          "type": "icon",
          "assetId": "D_cVyFaAniRu",
          "checksum": "1ea6ddb87dd13056021de331424a185b"
        },
        {
          "type": "icon",
          "assetId": "Y4kFOXcZoWNI",
          "checksum": "ebb44628877e9c9d6120879c77bd3d82"
        },
        {
          "type": "icon",
          "assetId": "mZyH_7PAB1_p",
          "checksum": "76fd2083578a8e88eff2429a2be00907"
        },
        {
          "type": "icon",
          "assetId": "A-OR9aC0xrHN",
          "checksum": "8fe4d8a49562fa497c0c591d3778928c"
        },
        {
          "type": "icon",
          "assetId": "ZaXizMNEiwLa",
          "checksum": "d606aca78a3c857ca80db76ddd13efff"
        },
        {
          "type": "icon",
          "assetId": "uZqbocyjAgYI",
          "checksum": "10e0f2715c5c88164f19227380156206"
        },
        {
          "type": "icon",
          "assetId": "Lz23Hm0F7Oi",
          "checksum": "75fda4465ebee9b500d730c424c2eb15"
        },
        {
          "type": "icon",
          "assetId": "EarUJSWco6P",
          "checksum": "cc18cbfa8ab27c1afff04876eba446c5"
        },
        {
          "type": "icon",
          "assetId": "CfNGeeJv-Vq",
          "checksum": "ccb70bc78f956b4f210947f4a7a9deb9"
        },
        {
          "type": "icon",
          "assetId": "cvpnVnNYSpS",
          "checksum": "2e22ca8ba3d6ccffb4cd996577bfc5ff"
        },
        {
          "type": "icon",
          "assetId": "wFdAgt-MAnO",
          "checksum": "b38821ebd5f34914b9ca44a54ba4acd7"
        },
        {
          "type": "icon",
          "assetId": "aX3YFTxh-K0",
          "checksum": "bec71aa50253508703f681b17e8ac1b0"
        },
        {
          "type": "icon",
          "assetId": "JSPiF11GguA",
          "checksum": "c04242d25c310f823520e4f2acecab12"
        },
        {
          "type": "icon",
          "assetId": "_Ezq5fZkqaG",
          "checksum": "cc49299fb328f91bdf3ef6cdee9b649e"
        },
        {
          "type": "icon",
          "assetId": "GoHHQ_Nf8Hc",
          "checksum": "6aaf526ce690247089e2743ce9d569ec"
        },
        {
          "type": "icon",
          "assetId": "WTGQtc0Orv",
          "checksum": "c41fb7155087470b8d76118bdf092f8a"
        },
        {
          "type": "icon",
          "assetId": "Sae6eXYvAd",
          "checksum": "e2b74bd3c5a53b9b88226ce80c75ea05"
        },
        {
          "type": "icon",
          "assetId": "VM13P2C7Dzq",
          "checksum": "608827fee9615b2c408278415d60646f"
        },
        {
          "type": "icon",
          "assetId": "EiaIOeTIzbb",
          "checksum": "e1065b0f01ff9b7bf00a4ceff768c18e"
        },
        {
          "type": "icon",
          "assetId": "fqwuN8SDnGW",
          "checksum": "c37693d641e25e218f4ee69790ada456"
        },
        {
          "type": "icon",
          "assetId": "Pm8y-hVHOQ3",
          "checksum": "5e18a230876fa2878da441d92d33f8a9"
        },
        {
          "type": "icon",
          "assetId": "_VLS2f7CHap",
          "checksum": "f9f25ae9d5e0cfca15c747b7dc0ca8c9"
        },
        {
          "type": "icon",
          "assetId": "XoxdLaOqqR_",
          "checksum": "275ab4333bf56c94411d5413337e8fdc"
        },
        {
          "type": "icon",
          "assetId": "9EyFVvDK_s8",
          "checksum": "37056041baad5adc896c09dbce673380"
        },
        {
          "type": "icon",
          "assetId": "5CGn7ovdK3P",
          "checksum": "c2c969b9b37ea64cd95f36538c633e11"
        },
        {
          "type": "icon",
          "assetId": "YXg5XWp4K",
          "checksum": "361d1f5a79db88627c0451e503eab7d2"
        },
        {
          "type": "icon",
          "assetId": "ATK5CmqIZF",
          "checksum": "f9c5499cc2a112fdba11b3e87af4846d"
        },
        {
          "type": "icon",
          "assetId": "BYqxgmnDfFg",
          "checksum": "cd6b52491cc324f90a08dbb256da0207"
        },
        {
          "type": "icon",
          "assetId": "wBLM6-aqQAZ",
          "checksum": "25f070a0085018772cab280820f673da"
        },
        {
          "type": "icon",
          "assetId": "lgfiRjXLsfk",
          "checksum": "1822dc8aa106071ca75c5ac087f5a0e2"
        },
        {
          "type": "icon",
          "assetId": "hDnWIvSfnjM",
          "checksum": "d069f079570c9ada4bd20978bd2a66e8"
        },
        {
          "type": "icon",
          "assetId": "qGCdj0aKFkJ",
          "checksum": "7fe132f68a75d712b483edd7fc782241"
        },
        {
          "type": "icon",
          "assetId": "nLkfpWNU6EQ",
          "checksum": "6cc185158e86f1d851529e17e1452308"
        },
        {
          "type": "icon",
          "assetId": "PKHZDaqB7lO",
          "checksum": "5923909848c7ba49aa71583bcab962c3"
        },
        {
          "type": "icon",
          "assetId": "fv9X7XP1hiA",
          "checksum": "79215af8b489272c99f364398330ce20"
        },
        {
          "type": "icon",
          "assetId": "sbLa6uh1CI9",
          "checksum": "0b997ed2dcdae30881a8d277cdfcf3f3"
        },
        {
          "type": "icon",
          "assetId": "J1A3jXcM6JG",
          "checksum": "2bd57e3d3a3637fad78722bb273be418"
        },
        {
          "type": "icon",
          "assetId": "qTLcFdYapWC",
          "checksum": "ec43e999705812da2f295292304e474e"
        },
        {
          "type": "icon",
          "assetId": "2gG40OTllcK",
          "checksum": "afed42492da34e4c3226ba5c62c3aa93"
        },
        {
          "type": "icon",
          "assetId": "-UdaKYHhbL5",
          "checksum": "e81e7e334ded9574a7c7531ab9b5e1fc"
        },
        {
          "type": "icon",
          "assetId": "juhZIeSBoZ3",
          "checksum": "dfeecb3947e8927056f94f93ae315778"
        },
        {
          "type": "icon",
          "assetId": "gT2GnfaDwb3",
          "checksum": "82d8cb979103173093646a5b39c89d03"
        },
        {
          "type": "icon",
          "assetId": "Wg6c4ZytgFg",
          "checksum": "d066b12dd976e36c5f71953cbe6598c2"
        },
        {
          "type": "icon",
          "assetId": "hxKJqywdF9O",
          "checksum": "785d197f0b0998bf50d30fda36244a3b"
        },
        {
          "type": "icon",
          "assetId": "fBZrQDGCgHF",
          "checksum": "2a9badf30293cd6339993d087acc0fdb"
        },
        {
          "type": "icon",
          "assetId": "ikq-pou-bI8",
          "checksum": "0d89d555c3aeeeb99d13d78c28faaef1"
        },
        {
          "type": "icon",
          "assetId": "1Pmmo3WWvbp",
          "checksum": "6710557dedb9a2ffd05d68dad44dd95f"
        },
        {
          "type": "icon",
          "assetId": "igG9l4diLLx",
          "checksum": "aa1b941d4463807a4c23351ba2d06ce7"
        },
        {
          "type": "icon",
          "assetId": "8y47eppczQx",
          "checksum": "954736f47c440cec2f0da7dec4258ae8"
        },
        {
          "type": "icon",
          "assetId": "4fqn0AOq5_W",
          "checksum": "9215066bc03b252135e2c6491c7301a8"
        },
        {
          "type": "icon",
          "assetId": "m1QebsyGrhg",
          "checksum": "ffc2a2c8a16bf990be30e25c25933832"
        },
        {
          "type": "icon",
          "assetId": "Bxo0DnF2ux3",
          "checksum": "65ac54892ae3f753e56c29bc2c2d5f33"
        },
        {
          "type": "icon",
          "assetId": "bdPUcAWs6na",
          "checksum": "f9fb194deb036f45d52dc44a753da559"
        },
        {
          "type": "icon",
          "assetId": "mgrFbhEL_CR",
          "checksum": "c12d5c9bb4f1a0f91927a9f123a7e468"
        },
        {
          "type": "icon",
          "assetId": "2TKbf2PbduO",
          "checksum": "697a38d15544d3cda35dc2a0b40f5c08"
        },
        {
          "type": "icon",
          "assetId": "NFvKOdbiazJ",
          "checksum": "00f7f33eb8d6240b5ef26d2f0a5858af"
        },
        {
          "type": "icon",
          "assetId": "ijfgwIselY0",
          "checksum": "f96a2f1ccee726c2eac0473379259a3a"
        },
        {
          "type": "icon",
          "assetId": "axyZByrmOlq",
          "checksum": "3c0d3336dfecfcd7d7539a220281ddf7"
        },
        {
          "type": "icon",
          "assetId": "sLFOS1y71Z7",
          "checksum": "e622a521bdac33544a1916e63951ebd9"
        },
        {
          "type": "icon",
          "assetId": "X4jUAivV-eT",
          "checksum": "a10129aee84446c0cba463612dc5d398"
        },
        {
          "type": "icon",
          "assetId": "rXzEwWBq6nK",
          "checksum": "0d54602db20805e1373a39772f39071b"
        },
        {
          "type": "icon",
          "assetId": "JsEjq8S6X49",
          "checksum": "41e87c4aab5133f3580c51de5422690b"
        },
        {
          "type": "icon",
          "assetId": "zT3Vcdtkt",
          "checksum": "dd4c861c4ee0d362a60aa88a39b557f5"
        },
        {
          "type": "icon",
          "assetId": "1ckfzMd9x6A",
          "checksum": "a5185fcc9a76a10b68bd17ec85eacd69"
        },
        {
          "type": "icon",
          "assetId": "9XCF1i_hMcD",
          "checksum": "7459a4552fb1137ca79a0369acad38df"
        },
        {
          "type": "icon",
          "assetId": "F5s1jUcO1eM",
          "checksum": "78aafd1fa9cbb057ecfd683346263839"
        },
        {
          "type": "icon",
          "assetId": "nDodMZyq5eE",
          "checksum": "c77dedd86c8d21bf38d6079ce243a370"
        },
        {
          "type": "icon",
          "assetId": "xOx4MVvNwGW",
          "checksum": "5c72d574ed5a1fba87806de0828fa13c"
        },
        {
          "type": "icon",
          "assetId": "zeuGmqhO2VG",
          "checksum": "05e207cd23a392958339c73db0054d35"
        },
        {
          "type": "icon",
          "assetId": "WZEEZH38bSt",
          "checksum": "065765b922482eca5c816330b757ccbf"
        },
        {
          "type": "icon",
          "assetId": "Hy0Izink0J-",
          "checksum": "25bbb2bff71cc51a9828d6fa0c8bdc68"
        },
        {
          "type": "icon",
          "assetId": "5fJcuMEMhxa",
          "checksum": "0431a55f43e01550a1af13e6650e76aa"
        },
        {
          "type": "icon",
          "assetId": "j-3xKpguUYu",
          "checksum": "af58a67e982cf28f0670678672cf3ef8"
        },
        {
          "type": "icon",
          "assetId": "LVbIk8rQz7J",
          "checksum": "7d6dd148482518fe01a886a2faaffa7b"
        },
        {
          "type": "icon",
          "assetId": "0UeeZ5sUbakz",
          "checksum": "84a90b9810c9d1993e06ae7773d5ff41"
        },
        {
          "type": "icon",
          "assetId": "IxQ8a_M1Bduz",
          "checksum": "9d51a8763d675a0fefc68842f64efd1b"
        },
        {
          "type": "icon",
          "assetId": "z6tzJgw3o26E",
          "checksum": "7a6d0223192e31f3d6de1b3b4efe0009"
        },
        {
          "type": "icon",
          "assetId": "TMLjeBAZXW4o",
          "checksum": "e90b8220774777a7d4f58903323983d8"
        },
        {
          "type": "icon",
          "assetId": "oLBRZyQa-88m",
          "checksum": "afa3300c5f67db6e6fcdd96f4019eb89"
        },
        {
          "type": "icon",
          "assetId": "-bSF4cULYm3K",
          "checksum": "5d24cad2d3e7431c2cd9edd9ed38559e"
        },
        {
          "type": "icon",
          "assetId": "qOg1JWyP8aSd",
          "checksum": "9f3975d99de5862b3800997f9ade8879"
        },
        {
          "type": "icon",
          "assetId": "GzZvvAjFLAnN",
          "checksum": "5f308c5771ba68b09baf571159714c74"
        },
        {
          "type": "icon",
          "assetId": "nrbkh2yREhbf",
          "checksum": "e362a5fb48c31dd3aee20d2dfac3a744"
        },
        {
          "type": "icon",
          "assetId": "aBnmRNDvk5hC",
          "checksum": "b623aea3a685be1a0bd89198489c876e"
        },
        {
          "type": "icon",
          "assetId": "rvdhPCmEzlT8",
          "checksum": "445c50a8249fd0235fab5487ff711252"
        },
        {
          "type": "icon",
          "assetId": "4K5ap0SRzI5N",
          "checksum": "ce4c5ed95f7f0894a646e320f5ce2094"
        },
        {
          "type": "icon",
          "assetId": "tZWIEUnmxmQg",
          "checksum": "d18d64af4a78762adc5e79a6122f17a6"
        },
        {
          "type": "icon",
          "assetId": "4-TWw5UFr4QB",
          "checksum": "907ebeae0f6cc26830e29284cf2829fe"
        },
        {
          "type": "icon",
          "assetId": "FQ6mhimHhKzd",
          "checksum": "da749cd9671377f63b1bc15bde4ba075"
        },
        {
          "type": "icon",
          "assetId": "as2a49UTj21i",
          "checksum": "03bccc6c82c7bb26da1e91ffbcf07691"
        },
        {
          "type": "icon",
          "assetId": "MsMXp9mG6N5F",
          "checksum": "33a171a679f880dd08cdd32ff8d2af32"
        },
        {
          "type": "icon",
          "assetId": "xKumJ-3vD7C8",
          "checksum": "50dfdd05644475e76e0a3654ac595fd0"
        },
        {
          "type": "icon",
          "assetId": "bNlaafBOZxt0",
          "checksum": "4e59105de5e6d0ef3658e2e0d6319b70"
        },
        {
          "type": "icon",
          "assetId": "w4h7RIPqkZb8",
          "checksum": "af9339ef76cebaecaf32e38050ac76e2"
        },
        {
          "type": "icon",
          "assetId": "x45WSAaMZcF1",
          "checksum": "12777d7f8431b6e81672236da716f2b6"
        },
        {
          "type": "icon",
          "assetId": "PcTh9Xvx0Cf3",
          "checksum": "7fb93415c78bcd15782e63b186d75f17"
        },
        {
          "type": "icon",
          "assetId": "MDQWH3jYvaxn",
          "checksum": "40236bac3bf46fb3caa7ff2d19024b15"
        },
        {
          "type": "icon",
          "assetId": "jBBTKzubJ",
          "checksum": "de26eee0357dfd8e1c71bc0ddb41b055"
        },
        {
          "type": "icon",
          "assetId": "lIpyrRZUfJ",
          "checksum": "3a4c881ba671def891403e97c18f76f1"
        },
        {
          "type": "icon",
          "assetId": "r2nzYfpeaEo",
          "checksum": "70a19e39106588c8c35094af544571c4"
        },
        {
          "type": "icon",
          "assetId": "IiWjA6gXphQ",
          "checksum": "419f5bf2386c0037a5a2df49a7d60975"
        },
        {
          "type": "icon",
          "assetId": "99faezqlm3b",
          "checksum": "0b4939cbd9fbd1a7d5c80b8613a1c4ae"
        },
        {
          "type": "icon",
          "assetId": "ejBg5MlAxyF",
          "checksum": "9101ffd7e9da494ffdbd94409989d95b"
        },
        {
          "type": "icon",
          "assetId": "D6zKXG7GAca",
          "checksum": "fae5bb7d208fccf4273842e121880b80"
        },
        {
          "type": "icon",
          "assetId": "5wRtyXlknbO",
          "checksum": "05129b8e69f3b4d2bf00a28c75d37967"
        },
        {
          "type": "icon",
          "assetId": "9Itk0X46wkC",
          "checksum": "05e472b510b9094b5db5e11806277fe9"
        },
        {
          "type": "icon",
          "assetId": "8vxTSJjGA80",
          "checksum": "126cb257fe743fd301e55095f7614df7"
        },
        {
          "type": "icon",
          "assetId": "Z7s6lJy7ich",
          "checksum": "68ff2aa98c120a3405e754974354211e"
        },
        {
          "type": "icon",
          "assetId": "8Lh3T4AuXZg",
          "checksum": "52bd3303495a67eb370c9f9cb42b1153"
        },
        {
          "type": "icon",
          "assetId": "95Ssh-Ccm9f",
          "checksum": "9e464cb22fc332dbde0d43944f462ea0"
        },
        {
          "type": "icon",
          "assetId": "pGQQReYymch",
          "checksum": "9e7b9c8dbfad30a8ea9e628a08845569"
        },
        {
          "type": "icon",
          "assetId": "28udtwbc18t",
          "checksum": "e360f3b031d03d07278a900705dc7933"
        },
        {
          "type": "icon",
          "assetId": "-B1s9KO9Qja",
          "checksum": "f27e7d692761cc95fa044ac30195e582"
        },
        {
          "type": "icon",
          "assetId": "hTerhpsbOs5",
          "checksum": "0988717cff6b12e9b91758a132cf39e4"
        },
        {
          "type": "icon",
          "assetId": "1ZKGJjErhDw",
          "checksum": "2a103ed841a1ee8aaad0a8c3ca0dfe74"
        },
        {
          "type": "icon",
          "assetId": "L0VFnL_XPBC",
          "checksum": "3629393c194d320f94b64e6034fed3e7"
        },
        {
          "type": "icon",
          "assetId": "JRoINB84EAw",
          "checksum": "8271c28ccd7fb94a4ce3626c41a98a9a"
        },
        {
          "type": "icon",
          "assetId": "m-y5Ts-NDjD",
          "checksum": "f5490b3d73361441534b8c7fac09bd77"
        },
        {
          "type": "icon",
          "assetId": "wxzSoidSaFv",
          "checksum": "51f77c6f933ad55d5d5c4b1c7c4f16ff"
        },
        {
          "type": "icon",
          "assetId": "hyvjg2rHQ97",
          "checksum": "912f325b7300c7e12778e8b70a3d9fb8"
        },
        {
          "type": "icon",
          "assetId": "SdVxAiwvgUT",
          "checksum": "75ddca02ceb74f4e3a74a034bf504711"
        },
        {
          "type": "icon",
          "assetId": "-nfOhlI1BEt",
          "checksum": "91a47781ad20d70c5211a655a022763b"
        },
        {
          "type": "icon",
          "assetId": "v4fxIyqDL14",
          "checksum": "0742aa3d1f99530a800bcca3903257d1"
        },
        {
          "type": "icon",
          "assetId": "2h4BdHqL3RR",
          "checksum": "3e2d974cd28ee5190dfd181a6d5bd23b"
        },
        {
          "type": "icon",
          "assetId": "xc2ZXOTU1iV",
          "checksum": "df58893629ea670eb04a374a23a8d60b"
        },
        {
          "type": "icon",
          "assetId": "vv5zNX-D-BQ",
          "checksum": "a67fc07a8b838d792334ab77e5804724"
        },
        {
          "type": "icon",
          "assetId": "dV0FJbmoy",
          "checksum": "596869f7c2dd0fe4cefec646378e7753"
        },
        {
          "type": "icon",
          "assetId": "FxuOW0wq0M",
          "checksum": "67af62cb4223a65b7f87284c31a29cee"
        },
        {
          "type": "icon",
          "assetId": "3OPTVmPkvMN",
          "checksum": "6d8a1fb997c76ade0cdbaa3e53bf230c"
        },
        {
          "type": "icon",
          "assetId": "Suq5cadO7XA",
          "checksum": "d7ae6374d40270b29524ac54b5750a7e"
        },
        {
          "type": "icon",
          "assetId": "A0sV4Dq4iwa",
          "checksum": "a19bb462899e6580fa06b8612c8bb916"
        },
        {
          "type": "icon",
          "assetId": "PxDtSafNxNc",
          "checksum": "85e57df0b2a8cc6794888a1ba8ae5916"
        },
        {
          "type": "icon",
          "assetId": "K4ztj6x93sg",
          "checksum": "a5acec765ba39cc497ec2a46ca1b189d"
        },
        {
          "type": "icon",
          "assetId": "S8w9PkWxQ",
          "checksum": "2514fef27febfef299f18958714ffde4"
        },
        {
          "type": "icon",
          "assetId": "yjMrN5LPR3",
          "checksum": "679d069309bad7b274aa1242951fdc9b"
        },
        {
          "type": "icon",
          "assetId": "iamPAVBeN8d",
          "checksum": "56ba49be2d10b701b5426bffe72a7e4b"
        },
        {
          "type": "icon",
          "assetId": "vqVb6mdGUtG",
          "checksum": "a03828f74cecc18fcb0335f83dd846f3"
        },
        {
          "type": "icon",
          "assetId": "iuxddQbeQu",
          "checksum": "6b795f87a519771f709b60193fe790f5"
        },
        {
          "type": "icon",
          "assetId": "pfeHcshUii7",
          "checksum": "fe4ab26784fb28225042347bbfe37ee9"
        },
        {
          "type": "icon",
          "assetId": "0_a-wGkNQG4",
          "checksum": "c0ce3cb2362b9838def4c83781035061"
        },
        {
          "type": "icon",
          "assetId": "wMVKH9RBTMH",
          "checksum": "09138ce6e2b5a145433cc77d1e92169e"
        },
        {
          "type": "icon",
          "assetId": "Q0xCZSAlhwy",
          "checksum": "e7e82c99b3c32a69a5e67a16af8c8082"
        },
        {
          "type": "icon",
          "assetId": "oscpCwqUrZB",
          "checksum": "7554b5c6beeb796208a6b204e41d3270"
        },
        {
          "type": "icon",
          "assetId": "xYUBtYKVWiK",
          "checksum": "1057e23ce11352644f49cfb7f74f59e6"
        },
        {
          "type": "icon",
          "assetId": "m0js9q_1h3o",
          "checksum": "7c1ae8a4657ea2ba64b710a62b8e1946"
        },
        {
          "type": "icon",
          "assetId": "f5kney7yJ",
          "checksum": "7ebeea585b5a6a6abe344d2ae3941015"
        },
        {
          "type": "icon",
          "assetId": "3Khd8XrR3tr",
          "checksum": "a2110c8ce2911ba9aba113b99eb0b41b"
        },
        {
          "type": "icon",
          "assetId": "oVNYSPJr6Us",
          "checksum": "82910558f40cf8af6cda27a62619e824"
        },
        {
          "type": "icon",
          "assetId": "dLey7BPWZ4d",
          "checksum": "3efaeba56d0b1d61fea56da3ebf32526"
        },
        {
          "type": "icon",
          "assetId": "Fv4S9xBEW5",
          "checksum": "a2826549fc2c10cf6db3b9c02933fd9d"
        },
        {
          "type": "icon",
          "assetId": "0cK10h_kft",
          "checksum": "24a66ddcc767e8346db20ad2384103e5"
        },
        {
          "type": "icon",
          "assetId": "rXIVnyQ7KA",
          "checksum": "9914047ecd15298d83ce25af71c28577"
        },
        {
          "type": "icon",
          "assetId": "7EX9shQBsv",
          "checksum": "b0078920e512d4099b6d7de6d4e58432"
        },
        {
          "type": "icon",
          "assetId": "wzRGSqV0CA",
          "checksum": "db7a6292663748662e8be10b77aa09b5"
        },
        {
          "type": "icon",
          "assetId": "jjPyQHhLtQ",
          "checksum": "50ea71c6f9bf4bd4c4cba93401ec93bf"
        },
        {
          "type": "icon",
          "assetId": "4Po3uiQnik8",
          "checksum": "3dd4b866b370b971dde63febe3065b83"
        },
        {
          "type": "icon",
          "assetId": "Hra-cTI_s",
          "checksum": "bea46ce21f936e62bfd8167b1d8524cc"
        },
        {
          "type": "icon",
          "assetId": "mx48enuirr",
          "checksum": "2fd742563ef21b732dfff4b759e92df0"
        },
        {
          "type": "icon",
          "assetId": "bQcJgXZKSGY",
          "checksum": "f1d6a9b84a18490f6d7473e578d381e6"
        },
        {
          "type": "icon",
          "assetId": "fIWqBdD_Vcs",
          "checksum": "36118e54635f3c1a672a6270de295bc9"
        },
        {
          "type": "icon",
          "assetId": "Dz2-NnCEs4Z",
          "checksum": "5ef382d7b3ab3c23b7ace637f8239c83"
        },
        {
          "type": "icon",
          "assetId": "28qGRcgBF8O",
          "checksum": "89115018483918d34b239b81ab83771c"
        },
        {
          "type": "icon",
          "assetId": "P0FXFDHdpln",
          "checksum": "9d7748047f1557cdec709d4abf90f240"
        },
        {
          "type": "icon",
          "assetId": "WAUl1jO6PZX",
          "checksum": "19c5a812abbaede448da21e339f18f5a"
        },
        {
          "type": "icon",
          "assetId": "sasyvq5kkYH",
          "checksum": "36ad931008e98e9e37cd6990485daaaa"
        },
        {
          "type": "icon",
          "assetId": "msMKgGOxL",
          "checksum": "252514cfe30e30a8a422c617d03a1c5f"
        },
        {
          "type": "icon",
          "assetId": "cRiIfGDQiCW",
          "checksum": "a777ee540df81ccb59118d86c12eeb7d"
        },
        {
          "type": "icon",
          "assetId": "QVEWgjasr4y",
          "checksum": "86453baaf967f3cfdbf876abf81f3fdc"
        },
        {
          "type": "icon",
          "assetId": "GkhW16sGEpk",
          "checksum": "d7e195015adec35f4ff5c56a37f35fd4"
        },
        {
          "type": "image",
          "assetId": "dchgv5gu_Q",
          "checksum": "c3aff46200d899eef32e8606c36b4920"
        },
        {
          "type": "image",
          "assetId": "qgt8rmGtMxm",
          "checksum": "7bafdca9bae8905ca76e1fb1532836e3"
        },
        {
          "type": "image",
          "assetId": "jZQdC3YnpMq",
          "checksum": "851da704cbf980cc7a30d74a5c98e46d"
        },
        {
          "type": "image",
          "assetId": "gaE49TgXck",
          "checksum": "6a500170afe36c0def2a642d9a4a4b4d"
        },
        {
          "type": "image",
          "assetId": "UdyHMM9lRG",
          "checksum": "afa95c1a3cec89220dfcdf6dbecab44d"
        },
        {
          "type": "image",
          "assetId": "_uvb22oYR",
          "checksum": "416af7211600e44be0c98a8469d93af3"
        },
        {
          "type": "image",
          "assetId": "GEKg0h6pXB",
          "checksum": "b9be359a092cf6058aacd41ad395e295"
        },
        {
          "type": "image",
          "assetId": "UusDLJfG5l",
          "checksum": "e2df181bd37d4dfdbe29464689341be2"
        },
        {
          "type": "image",
          "assetId": "xfC0B8nn3O",
          "checksum": "8bd3c96cc798673cbe81137ae9e9da9f"
        },
        {
          "type": "image",
          "assetId": "n-b-qrrdOw",
          "checksum": "8fc095acc5109b57184438b6303fc754"
        },
        {
          "type": "image",
          "assetId": "sOCXkvijT6",
          "checksum": "29c1a40f2ac96b5fe258ea6e971905b1"
        },
        {
          "type": "image",
          "assetId": "DPjRaRGG0O",
          "checksum": "7653f4c9249c3b844d1c5099274a2434"
        },
        {
          "type": "image",
          "assetId": "Q5L50im7Mc",
          "checksum": "ba604424edb0efed142153f4c8773602"
        },
        {
          "type": "image",
          "assetId": "8dFwTtieM_",
          "checksum": "3d23de807363f9f52eb0d92097835c78"
        },
        {
          "type": "image",
          "assetId": "QzGb3EhTXWC",
          "checksum": "b18e87fac0aceebfb1900cc5d495076c"
        },
        {
          "type": "image",
          "assetId": "coUkOPSJVz1c",
          "checksum": "610baafd8712bc86d8c7f42c9bdc89e3"
        },
        {
          "type": "image",
          "assetId": "-QJVanhXWL",
          "checksum": "842b434cb24075660c0cc208297652a7"
        },
        {
          "type": "image",
          "assetId": "hSAgUjcMH0O",
          "checksum": "3fd4de88bb4f5a82d9f1031e87254907"
        },
        {
          "type": "image",
          "assetId": "V5oQqEbxl-R",
          "checksum": "5ea2f0cdd3860bcefb7b838a0c0c7ccb"
        },
        {
          "type": "image",
          "assetId": "XNNaNzYOSh",
          "checksum": "c7f79def043026037f32b9c1b0d1d9ca"
        },
        {
          "type": "image",
          "assetId": "O3EKRBTqQj",
          "checksum": "4510950ddff56854a9b4de1f80d62317"
        },
        {
          "type": "image",
          "assetId": "AlgjBvtROO",
          "checksum": "f40b836c741e2c558d9b3f43ca52c6c4"
        },
        {
          "type": "image",
          "assetId": "dym0kc6fqc",
          "checksum": "f7f30ac9a7b5f0060e249998eb6d1522"
        },
        {
          "type": "image",
          "assetId": "mHBxNK5fun",
          "checksum": "66d49506e99e669fc04344e8abdc1a74"
        },
        {
          "type": "image",
          "assetId": "GOOwdO9Zmy",
          "checksum": "cb43ab9b5c7276cc55b2884554e5c6db"
        },
        {
          "type": "image",
          "assetId": "NklzUO6Z_Z",
          "checksum": "9a21b7754f20600d024b57929f270f74"
        },
        {
          "type": "image",
          "assetId": "eGDiBK3F4O",
          "checksum": "3e48716f8c4d2773791790603ed99228"
        },
        {
          "type": "image",
          "assetId": "z27J6PLoQYQ",
          "checksum": "88d90338b70cfb450ff111496bddb7b9"
        },
        {
          "type": "image",
          "assetId": "7Bt3x3SNcd2",
          "checksum": "1c9be0ecdca6e1e9f9cfd74d8e69a69b"
        },
        {
          "type": "image",
          "assetId": "7lTSO_rCv3S",
          "checksum": "d88436a7690fbb99d4928cb8ed21e646"
        },
        {
          "type": "image",
          "assetId": "H5zN8vtmJe",
          "checksum": "87e706321ab106c3fe9d0ef8556c5181"
        },
        {
          "type": "image",
          "assetId": "BhsKiIwolTC",
          "checksum": "01b95cfb790bf341b84265866fe183e1"
        },
        {
          "type": "image",
          "assetId": "zDaDh3vgrJz",
          "checksum": "a2ad165b3a14222e18218eb5df7f571a"
        },
        {
          "type": "image",
          "assetId": "l-2QM2VsQGz",
          "checksum": "184555eb6972db9480c314b34079898a"
        },
        {
          "type": "image",
          "assetId": "NXa0JN4LVBF",
          "checksum": "4691414549084bc2a0474ad8d33f9b74"
        },
        {
          "type": "image",
          "assetId": "1jkYoUukUhn",
          "checksum": "0c3542af5fcbfe3341a13688b0dd72e1"
        },
        {
          "type": "image",
          "assetId": "Zm0ueOujrtl",
          "checksum": "2bcae9c598f23b82eaa65ca857112ae6"
        },
        {
          "type": "image",
          "assetId": "9fzYbT5q7oO",
          "checksum": "1a3ed9447125f199aafb8bd668a47cd0"
        },
        {
          "type": "image",
          "assetId": "0ZAICQ3Nzcd",
          "checksum": "4404cbc57b7d1f813e6a8dd874f2ed65"
        },
        {
          "type": "image",
          "assetId": "C6d0phfEzkv",
          "checksum": "dc93e052fd888792e0c0083a13ee48eb"
        },
        {
          "type": "image",
          "assetId": "pffNtYqY5dU",
          "checksum": "93b6d3b3e37d58fdfedf717f1a892565"
        },
        {
          "type": "image",
          "assetId": "imJBnwMsS4G",
          "checksum": "3c6a96163a9af230f1f396b008ef5e0a"
        },
        {
          "type": "image",
          "assetId": "iUqXvfhT5wb",
          "checksum": "1baa019742dbabd303a904698481fab4"
        },
        {
          "type": "image",
          "assetId": "aFcx3N3BtOE",
          "checksum": "16ce85ddbe1a59e797273ae28268860f"
        },
        {
          "type": "image",
          "assetId": "ZG0lHICKqbC",
          "checksum": "633eba427d5ce03c12cf61b09419c544"
        },
        {
          "type": "image",
          "assetId": "HAqhXthZc3z",
          "checksum": "db396bdd6676380744cf68c4cd8333ce"
        },
        {
          "type": "image",
          "assetId": "X_pizoCy9H7",
          "checksum": "ff17baebade5b568f0668bb35ba520da"
        },
        {
          "type": "image",
          "assetId": "OrcjQg7MtL7",
          "checksum": "84bcdf0329cd5bfbe94f72d2e35dcd27"
        },
        {
          "type": "image",
          "assetId": "lwpcghQH5N4",
          "checksum": "861fdd5c222c1ecbe7c5a3c0e51864d2"
        },
        {
          "type": "image",
          "assetId": "uZ66q8tXPWr",
          "checksum": "cc1f3dcf797ab1a8e54ca1903408cb95"
        },
        {
          "type": "image",
          "assetId": "T6uKHNJgCdO",
          "checksum": "39ab952752c79a15646e58cdef76171a"
        },
        {
          "type": "image",
          "assetId": "JwN8p5NUWCJp",
          "checksum": "f32872f60881df69f300bd647a5497c6"
        },
        {
          "type": "image",
          "assetId": "0HJLnn9SBIZ9",
          "checksum": "5c3f59578e6b889415b4e80462c3a782"
        },
        {
          "type": "image",
          "assetId": "07hRj8wLId3C",
          "checksum": "7bfed86d5e78cefe9b7cfea1aebbe3fd"
        },
        {
          "type": "image",
          "assetId": "A2mWw8dyRqoN",
          "checksum": "33d4acb6decd32f2170795e1266192ee"
        },
        {
          "type": "image",
          "assetId": "mr6BS6xaXWcZ",
          "checksum": "f6867d1aee2f815ea43760b46ce4d087"
        },
        {
          "type": "image",
          "assetId": "YyVEQWuoHVAs",
          "checksum": "c79be84b294f0cdcbd6bbd089c38316a"
        },
        {
          "type": "image",
          "assetId": "mKLuVKuVE_r",
          "checksum": "ff0e26f7aa5ada942d7215eaae70be17"
        },
        {
          "type": "image",
          "assetId": "j3ozLNqXTle",
          "checksum": "a845e713a87b5e61e41696aaa2d010dd"
        },
        {
          "type": "image",
          "assetId": "OdYUmg_GVC3",
          "checksum": "4c5932db4bf55c9843289b1a70b6c37f"
        },
        {
          "type": "image",
          "assetId": "2rUCXm6Vt",
          "checksum": "9818a054aa7b5c541265c2c4107ae9b3"
        },
        {
          "type": "image",
          "assetId": "Dc85BDFgTB",
          "checksum": "596455b9820f636b1e966f1815bcc60d"
        },
        {
          "type": "image",
          "assetId": "jb_hDaE6dt",
          "checksum": "21fd890ca7b00ae8f56e67525cf49304"
        },
        {
          "type": "image",
          "assetId": "kjL6HqayYG",
          "checksum": "3d6a15787c39f735dbd16b0747e7f24a"
        },
        {
          "type": "image",
          "assetId": "o1kuYHiw5",
          "checksum": "d18459ace031e234eb1cb3fc891b57ee"
        },
        {
          "type": "image",
          "assetId": "8zWGNYBcZc",
          "checksum": "c249ecaad9bea36a17a17f78adc2221d"
        }
      ],
      "codegenVersion": "0.0.1"
    }
  ],
  "cliVersion": "0.1.161"
}
